Microsoft Visual Studio Solution File, Format Version 12.00
# Visual Studio Version 17
VisualStudioVersion = 17.5.2.0
MinimumVisualStudioVersion = 10.0.40219.1
Project("{FAE04EC0-301F-11D3-BF4B-00C04F79EFBC}") = "AzureResourceViewer", "AzureResourceViewer.csproj", "{40173909-F9BB-F3E3-AFD1-EA4D8F79E897}"
EndProject
Global
	GlobalSection(SolutionConfigurationPlatforms) = preSolution
		Debug|Any CPU = Debug|Any CPU
		Release|Any CPU = Release|Any CPU
	EndGlobalSection
	GlobalSection(ProjectConfigurationPlatforms) = postSolution
		{40173909-F9BB-F3E3-AFD1-EA4D8F79E897}.Debug|Any CPU.ActiveCfg = Debug|Any CPU
		{40173909-F9BB-F3E3-AFD1-EA4D8F79E897}.Debug|Any CPU.Build.0 = Debug|Any CPU
		{40173909-F9BB-F3E3-AFD1-EA4D8F79E897}.Release|Any CPU.ActiveCfg = Release|Any CPU
		{40173909-F9BB-F3E3-AFD1-EA4D8F79E897}.Release|Any CPU.Build.0 = Release|Any CPU
	EndGlobalSection
	GlobalSection(SolutionProperties) = preSolution
		HideSolutionNode = FALSE
	EndGlobalSection
	GlobalSection(ExtensibilityGlobals) = postSolution
		SolutionGuid = {2BB4C1F4-BE51-4ED6-BBD8-6E5CB0A640CD}
	EndGlobalSection
EndGlobal
